
Microsoft Visual Studio Solution File, Format Version 12.00
# Visual Studio Version 17
VisualStudioVersion = 17.3.32922.545
MinimumVisualStudioVersion = 10.0.40219.1
Project("{8BC9CEB8-8B4A-11D0-8D11-00A0C91BC942}") = "task_1", "task_1\task_1.vcxproj", "{846F8709-23F5-427C-A567-B96DBA8812B5}"
EndProject
Project("{8BC9CEB8-8B4A-11D0-8D11-00A0C91BC942}") = "task_2", "task_2\task_2.vcxproj", "{18246112-550B-4099-8228-76E131051391}"
EndProject
Global
	GlobalSection(SolutionConfigurationPlatforms) = preSolution
		Debug|x64 = Debug|x64
		Debug|x86 = Debug|x86
		Release|x64 = Release|x64
		Release|x86 = Release|x86
	EndGlobalSection
	GlobalSection(ProjectConfigurationPlatforms) = postSolution
		{846F8709-23F5-427C-A567-B96DBA8812B5}.Debug|x64.ActiveCfg = Debug|x64
		{846F8709-23F5-427C-A567-B96DBA8812B5}.Debug|x64.Build.0 = Debug|x64
		{846F8709-23F5-427C-A567-B96DBA8812B5}.Debug|x86.ActiveCfg = Debug|Win32
		{846F8709-23F5-427C-A567-B96DBA8812B5}.Debug|x86.Build.0 = Debug|Win32
		{846F8709-23F5-427C-A567-B96DBA8812B5}.Release|x64.ActiveCfg = Release|x64
		{846F8709-23F5-427C-A567-B96DBA8812B5}.Release|x64.Build.0 = Release|x64
		{846F8709-23F5-427C-A567-B96DBA8812B5}.Release|x86.ActiveCfg = Release|Win32
		{846F8709-23F5-427C-A567-B96DBA8812B5}.Release|x86.Build.0 = Release|Win32
		{18246112-550B-4099-8228-76E131051391}.Debug|x64.ActiveCfg = Debug|x64
		{18246112-550B-4099-8228-76E131051391}.Debug|x64.Build.0 = Debug|x64
		{18246112-550B-4099-8228-76E131051391}.Debug|x86.ActiveCfg = Debug|Win32
		{18246112-550B-4099-8228-76E131051391}.Debug|x86.Build.0 = Debug|Win32
		{18246112-550B-4099-8228-76E131051391}.Release|x64.ActiveCfg = Release|x64
		{18246112-550B-4099-8228-76E131051391}.Release|x64.Build.0 = Release|x64
		{18246112-550B-4099-8228-76E131051391}.Release|x86.ActiveCfg = Release|Win32
		{18246112-550B-4099-8228-76E131051391}.Release|x86.Build.0 = Release|Win32
	EndGlobalSection
	GlobalSection(SolutionProperties) = preSolution
		HideSolutionNode = FALSE
	EndGlobalSection
	GlobalSection(ExtensibilityGlobals) = postSolution
		SolutionGuid = {F1AB3DD4-0A5C-42E3-9102-840F986D08E5}
	EndGlobalSection
EndGlobal
